// !$*UTF8*$!
{
	archiveVersion = 1;
	classes = {
	};
	objectVersion = 50;
	objects = {

/* Begin PBXBuildFile section */
		FD9247C82579FB3100634BE0 /* AppDelegate.swift in Sources */ = {isa = PBXBuildFile; fileRef = FD9247C72579FB3100634BE0 /* AppDelegate.swift */; };
		FD9247CA2579FB3100634BE0 /* SceneDelegate.swift in Sources */ = {isa = PBXBuildFile; fileRef = FD9247C92579FB3100634BE0 /* SceneDelegate.swift */; };
		FD9247CC2579FB3100634BE0 /* ViewController.swift in Sources */ = {isa = PBXBuildFile; fileRef = FD9247CB2579FB3100634BE0 /* ViewController.swift */; };
		FD9247CF2579FB3100634BE0 /* Main.storyboard in Resources */ = {isa = PBXBuildFile; fileRef = FD9247CD2579FB3100634BE0 /* Main.storyboard */; };
		FD9247D12579FB3200634BE0 /* Assets.xcassets in Resources */ = {isa = PBXBuildFile; fileRef = FD9247D02579FB3200634BE0 /* Assets.xcassets */; };
		FD9247D42579FB3200634BE0 /* LaunchScreen.storyboard in Resources */ = {isa = PBXBuildFile; fileRef = FD9247D22579FB3200634BE0 /* LaunchScreen.storyboard */; };
		FD9247EB2579FC5100634BE0 /* ArrayUtilities.swift in Sources */ = {isa = PBXBuildFile; fileRef = FD9247EA2579FC5100634BE0 /* ArrayUtilities.swift */; };
		FD9247EE2579FD7B00634BE0 /* ArrayTestCases.swift in Sources */ = {isa = PBXBuildFile; fileRef = FD9247ED2579FD7B00634BE0 /* ArrayTestCases.swift */; };
		FDA6BD7D257F53D300C31E6A /* StringUtilities.swift in Sources */ = {isa = PBXBuildFile; fileRef = FDA6BD7C257F53D300C31E6A /* StringUtilities.swift */; };
		FDA6BD80257F5A3D00C31E6A /* StringTestCases.swift in Sources */ = {isa = PBXBuildFile; fileRef = FDA6BD7F257F5A3D00C31E6A /* StringTestCases.swift */; };
		FDBB35B5259D0199008BE49A /* Stack.swift in Sources */ = {isa = PBXBuildFile; fileRef = FDBB35B4259D0199008BE49A /* Stack.swift */; };
		FDBB35B7259D03F1008BE49A /* StackTestCases.swift in Sources */ = {isa = PBXBuildFile; fileRef = FDBB35B6259D03F1008BE49A /* StackTestCases.swift */; };
		FDF77A8C25967089004FA9BC /* LinkedList.swift in Sources */ = {isa = PBXBuildFile; fileRef = FDF77A8B25967089004FA9BC /* LinkedList.swift */; };
		FDF77A8E25967153004FA9BC /* ListNode.swift in Sources */ = {isa = PBXBuildFile; fileRef = FDF77A8D25967153004FA9BC /* ListNode.swift */; };
		FDF77A9025967C9E004FA9BC /* LinkedListTestCases.swift in Sources */ = {isa = PBXBuildFile; fileRef = FDF77A8F25967C9E004FA9BC /* LinkedListTestCases.swift */; };
/* End PBXBuildFile section */

/* Begin PBXContainerItemProxy section */
		FD9247DB2579FB3200634BE0 /* PBXContainerItemProxy */ = {
			isa = PBXContainerItemProxy;
			containerPortal = FD9247BC2579FB3100634BE0 /* Project object */;
			proxyType = 1;
			remoteGlobalIDString = FD9247C32579FB3100634BE0;
			remoteInfo = Algorithms;
		};
/* End PBXContainerItemProxy section */

/* Begin PBXFileReference section */
		FD9247C42579FB3100634BE0 /* Algorithms.app */ = {isa = PBXFileReference; explicitFileType = wrapper.application; includeInIndex = 0; path = Algorithms.app; sourceTree = BUILT_PRODUCTS_DIR; };
		FD9247C72579FB3100634BE0 /* AppDelegate.swift */ = {isa = PBXFileReference; lastKnownFileType = sourcecode.swift; path = AppDelegate.swift; sourceTree = "<group>"; };
		FD9247C92579FB3100634BE0 /* SceneDelegate.swift */ = {isa = PBXFileReference; lastKnownFileType = sourcecode.swift; path = SceneDelegate.swift; sourceTree = "<group>"; };
		FD9247CB2579FB3100634BE0 /* ViewController.swift */ = {isa = PBXFileReference; lastKnownFileType = sourcecode.swift; path = ViewController.swift; sourceTree = "<group>"; };
		FD9247CE2579FB3100634BE0 /* Base */ = {isa = PBXFileReference; lastKnownFileType = file.storyboard; name = Base; path = Base.lproj/Main.storyboard; sourceTree = "<group>"; };
		FD9247D02579FB3200634BE0 /* Assets.xcassets */ = {isa = PBXFileReference; lastKnownFileType = folder.assetcatalog; path = Assets.xcassets; sourceTree = "<group>"; };
		FD9247D32579FB3200634BE0 /* Base */ = {isa = PBXFileReference; lastKnownFileType = file.storyboard; name = Base; path = Base.lproj/LaunchScreen.storyboard; sourceTree = "<group>"; };
		FD9247D52579FB3200634BE0 /* Info.plist */ = {isa = PBXFileReference; lastKnownFileType = text.plist.xml; path = Info.plist; sourceTree = "<group>"; };
		FD9247DA2579FB3200634BE0 /* AlgorithmsTests.xctest */ = {isa = PBXFileReference; explicitFileType = wrapper.cfbundle; includeInIndex = 0; path = AlgorithmsTests.xctest; sourceTree = BUILT_PRODUCTS_DIR; };
		FD9247E02579FB3200634BE0 /* Info.plist */ = {isa = PBXFileReference; lastKnownFileType = text.plist.xml; path = Info.plist; sourceTree = "<group>"; };
		FD9247EA2579FC5100634BE0 /* ArrayUtilities.swift */ = {isa = PBXFileReference; lastKnownFileType = sourcecode.swift; path = ArrayUtilities.swift; sourceTree = "<group>"; };
		FD9247ED2579FD7B00634BE0 /* ArrayTestCases.swift */ = {isa = PBXFileReference; lastKnownFileType = sourcecode.swift; path = ArrayTestCases.swift; sourceTree = "<group>"; };
		FD9247F1257A04EB00634BE0 /* AlgorithmsTests-Bridging-Header.h */ = {isa = PBXFileReference; lastKnownFileType = sourcecode.c.h; path = "AlgorithmsTests-Bridging-Header.h"; sourceTree = "<group>"; };
		FDA6BD7C257F53D300C31E6A /* StringUtilities.swift */ = {isa = PBXFileReference; lastKnownFileType = sourcecode.swift; path = StringUtilities.swift; sourceTree = "<group>"; };
		FDA6BD7F257F5A3D00C31E6A /* StringTestCases.swift */ = {isa = PBXFileReference; lastKnownFileType = sourcecode.swift; path = StringTestCases.swift; sourceTree = "<group>"; };
		FDBB35B4259D0199008BE49A /* Stack.swift */ = {isa = PBXFileReference; lastKnownFileType = sourcecode.swift; path = Stack.swift; sourceTree = "<group>"; };
		FDBB35B6259D03F1008BE49A /* StackTestCases.swift */ = {isa = PBXFileReference; lastKnownFileType = sourcecode.swift; path = StackTestCases.swift; sourceTree = "<group>"; };
		FDF77A8B25967089004FA9BC /* LinkedList.swift */ = {isa = PBXFileReference; lastKnownFileType = sourcecode.swift; path = LinkedList.swift; sourceTree = "<group>"; };
		FDF77A8D25967153004FA9BC /* ListNode.swift */ = {isa = PBXFileReference; lastKnownFileType = sourcecode.swift; path = ListNode.swift; sourceTree = "<group>"; };
		FDF77A8F25967C9E004FA9BC /* LinkedListTestCases.swift */ = {isa = PBXFileReference; lastKnownFileType = sourcecode.swift; path = LinkedListTestCases.swift; sourceTree = "<group>"; };
/* End PBXFileReference section */

/* Begin PBXFrameworksBuildPhase section */
		FD9247C12579FB3100634BE0 /* Frameworks */ = {
			isa = PBXFrameworksBuildPhase;
			buildActionMask = 2147483647;
			files = (
			);
			runOnlyForDeploymentPostprocessing = 0;
		};
		FD9247D72579FB3200634BE0 /* Frameworks */ = {
			isa = PBXFrameworksBuildPhase;
			buildActionMask = 2147483647;
			files = (
			);
			runOnlyForDeploymentPostprocessing = 0;
		};
/* End PBXFrameworksBuildPhase section */

/* Begin PBXGroup section */
		FD9247BB2579FB3100634BE0 = {
			isa = PBXGroup;
			children = (
				FD9247C62579FB3100634BE0 /* Algorithms */,
				FD9247DD2579FB3200634BE0 /* AlgorithmsTests */,
				FD9247C52579FB3100634BE0 /* Products */,
			);
			sourceTree = "<group>";
		};
		FD9247C52579FB3100634BE0 /* Products */ = {
			isa = PBXGroup;
			children = (
				FD9247C42579FB3100634BE0 /* Algorithms.app */,
				FD9247DA2579FB3200634BE0 /* AlgorithmsTests.xctest */,
			);
			name = Products;
			sourceTree = "<group>";
		};
		FD9247C62579FB3100634BE0 /* Algorithms */ = {
			isa = PBXGroup;
			children = (
				FD9247C72579FB3100634BE0 /* AppDelegate.swift */,
				FD9247C92579FB3100634BE0 /* SceneDelegate.swift */,
				FD9247CB2579FB3100634BE0 /* ViewController.swift */,
				FD9247CD2579FB3100634BE0 /* Main.storyboard */,
				FD9247D02579FB3200634BE0 /* Assets.xcassets */,
				FD9247D22579FB3200634BE0 /* LaunchScreen.storyboard */,
				FD9247D52579FB3200634BE0 /* Info.plist */,
				FDBB35B3259CFFDA008BE49A /* Stack&Queues */,
				FDF77A8A2596706E004FA9BC /* LinkedList */,
				FDA6BD7B257F53AF00C31E6A /* Strings */,
				FD9247E92579FC3100634BE0 /* Array */,
			);
			path = Algorithms;
			sourceTree = "<group>";
		};
		FD9247DD2579FB3200634BE0 /* AlgorithmsTests */ = {
			isa = PBXGroup;
			children = (
				FD9247F1257A04EB00634BE0 /* AlgorithmsTests-Bridging-Header.h */,
				FD9247E02579FB3200634BE0 /* Info.plist */,
				FD9247ED2579FD7B00634BE0 /* ArrayTestCases.swift */,
				FDA6BD7F257F5A3D00C31E6A /* StringTestCases.swift */,
				FDF77A8F25967C9E004FA9BC /* LinkedListTestCases.swift */,
				FDBB35B6259D03F1008BE49A /* StackTestCases.swift */,
			);
			path = AlgorithmsTests;
			sourceTree = "<group>";
		};
		FD9247E92579FC3100634BE0 /* Array */ = {
			isa = PBXGroup;
			children = (
				FD9247EA2579FC5100634BE0 /* ArrayUtilities.swift */,
			);
			path = Array;
			sourceTree = "<group>";
		};
		FDA6BD7B257F53AF00C31E6A /* Strings */ = {
			isa = PBXGroup;
			children = (
				FDA6BD7C257F53D300C31E6A /* StringUtilities.swift */,
			);
			path = Strings;
			sourceTree = "<group>";
		};
		FDBB35B3259CFFDA008BE49A /* Stack&Queues */ = {
			isa = PBXGroup;
			children = (
				FDBB35B4259D0199008BE49A /* Stack.swift */,
			);
			path = "Stack&Queues";
			sourceTree = "<group>";
		};
		FDF77A8A2596706E004FA9BC /* LinkedList */ = {
			isa = PBXGroup;
			children = (
				FDF77A8D25967153004FA9BC /* ListNode.swift */,
				FDF77A8B25967089004FA9BC /* LinkedList.swift */,
			);
			path = LinkedList;
			sourceTree = "<group>";
		};
/* End PBXGroup section */

/* Begin PBXNativeTarget section */
		FD9247C32579FB3100634BE0 /* Algorithms */ = {
			isa = PBXNativeTarget;
			buildConfigurationList = FD9247E32579FB3200634BE0 /* Build configuration list for PBXNativeTarget "Algorithms" */;
			buildPhases = (
				FD9247C02579FB3100634BE0 /* Sources */,
				FD9247C12579FB3100634BE0 /* Frameworks */,
				FD9247C22579FB3100634BE0 /* Resources */,
			);
			buildRules = (
			);
			dependencies = (
			);
			name = Algorithms;
			productName = Algorithms;
			productReference = FD9247C42579FB3100634BE0 /* Algorithms.app */;
			productType = "com.apple.product-type.application";
		};
		FD9247D92579FB3200634BE0 /* AlgorithmsTests */ = {
			isa = PBXNativeTarget;
			buildConfigurationList = FD9247E62579FB3200634BE0 /* Build configuration list for PBXNativeTarget "AlgorithmsTests" */;
			buildPhases = (
				FD9247D62579FB3200634BE0 /* Sources */,
				FD9247D72579FB3200634BE0 /* Frameworks */,
				FD9247D82579FB3200634BE0 /* Resources */,
			);
			buildRules = (
			);
			dependencies = (
				FD9247DC2579FB3200634BE0 /* PBXTargetDependency */,
			);
			name = AlgorithmsTests;
			productName = AlgorithmsTests;
			productReference = FD9247DA2579FB3200634BE0 /* AlgorithmsTests.xctest */;
			productType = "com.apple.product-type.bundle.unit-test";
		};
/* End PBXNativeTarget section */

/* Begin PBXProject section */
		FD9247BC2579FB3100634BE0 /* Project object */ = {
			isa = PBXProject;
			attributes = {
				LastSwiftUpdateCheck = 1170;
				LastUpgradeCheck = 1170;
				ORGANIZATIONNAME = "eder  morelos vargas ";
				TargetAttributes = {
					FD9247C32579FB3100634BE0 = {
						CreatedOnToolsVersion = 11.7;
					};
					FD9247D92579FB3200634BE0 = {
						CreatedOnToolsVersion = 11.7;
						LastSwiftMigration = 1170;
						TestTargetID = FD9247C32579FB3100634BE0;
					};
				};
			};
			buildConfigurationList = FD9247BF2579FB3100634BE0 /* Build configuration list for PBXProject "Algorithms" */;
			compatibilityVersion = "Xcode 9.3";
			developmentRegion = en;
			hasScannedForEncodings = 0;
			knownRegions = (
				en,
				Base,
			);
			mainGroup = FD9247BB2579FB3100634BE0;
			productRefGroup = FD9247C52579FB3100634BE0 /* Products */;
			projectDirPath = "";
			projectRoot = "";
			targets = (
				FD9247C32579FB3100634BE0 /* Algorithms */,
				FD9247D92579FB3200634BE0 /* AlgorithmsTests */,
			);
		};
/* End PBXProject section */

/* Begin PBXResourcesBuildPhase section */
		FD9247C22579FB3100634BE0 /* Resources */ = {
			isa = PBXResourcesBuildPhase;
			buildActionMask = 2147483647;
			files = (
				FD9247D42579FB3200634BE0 /* LaunchScreen.storyboard in Resources */,
				FD9247D12579FB3200634BE0 /* Assets.xcassets in Resources */,
				FD9247CF2579FB3100634BE0 /* Main.storyboard in Resources */,
			);
			runOnlyForDeploymentPostprocessing = 0;
		};
		FD9247D82579FB3200634BE0 /* Resources */ = {
			isa = PBXResourcesBuildPhase;
			buildActionMask = 2147483647;
			files = (
			);
			runOnlyForDeploymentPostprocessing = 0;
		};
/* End PBXResourcesBuildPhase section */

/* Begin PBXSourcesBuildPhase section */
		FD9247C02579FB3100634BE0 /* Sources */ = {
			isa = PBXSourcesBuildPhase;
			buildActionMask = 2147483647;
			files = (
				FDF77A8C25967089004FA9BC /* LinkedList.swift in Sources */,
				FD9247CC2579FB3100634BE0 /* ViewController.swift in Sources */,
				FDA6BD7D257F53D300C31E6A /* StringUtilities.swift in Sources */,
				FD9247C82579FB3100634BE0 /* AppDelegate.swift in Sources */,
				FDBB35B5259D0199008BE49A /* Stack.swift in Sources */,
				FD9247EB2579FC5100634BE0 /* ArrayUtilities.swift in Sources */,
				FD9247CA2579FB3100634BE0 /* SceneDelegate.swift in Sources */,
				FDF77A8E25967153004FA9BC /* ListNode.swift in Sources */,
			);
			runOnlyForDeploymentPostprocessing = 0;
		};
		FD9247D62579FB3200634BE0 /* Sources */ = {
			isa = PBXSourcesBuildPhase;
			buildActionMask = 2147483647;
			files = (
				FDBB35B7259D03F1008BE49A /* StackTestCases.swift in Sources */,
				FDA6BD80257F5A3D00C31E6A /* StringTestCases.swift in Sources */,
				FD9247EE2579FD7B00634BE0 /* ArrayTestCases.swift in Sources */,
				FDF77A9025967C9E004FA9BC /* LinkedListTestCases.swift in Sources */,
			);
			runOnlyForDeploymentPostprocessing = 0;
		};
/* End PBXSourcesBuildPhase section */

/* Begin PBXTargetDependency section */
		FD9247DC2579FB3200634BE0 /* PBXTargetDependency */ = {
			isa = PBXTargetDependency;
			target = FD9247C32579FB3100634BE0 /* Algorithms */;
			targetProxy = FD9247DB2579FB3200634BE0 /* PBXContainerItemProxy */;
		};
/* End PBXTargetDependency section */

/* Begin PBXVariantGroup section */
		FD9247CD2579FB3100634BE0 /* Main.storyboard */ = {
			isa = PBXVariantGroup;
			children = (
				FD9247CE2579FB3100634BE0 /* Base */,
			);
			name = Main.storyboard;
			sourceTree = "<group>";
		};
		FD9247D22579FB3200634BE0 /* LaunchScreen.storyboard */ = {
			isa = PBXVariantGroup;
			children = (
				FD9247D32579FB3200634BE0 /* Base */,
			);
			name = LaunchScreen.storyboard;
			sourceTree = "<group>";
		};
/* End PBXVariantGroup section */

/* Begin XCBuildConfiguration section */
		FD9247E12579FB3200634BE0 /* Debug */ = {
			isa = XCBuildConfiguration;
			buildSettings = {
				ALWAYS_SEARCH_USER_PATHS = NO;
				CLANG_ANALYZER_NONNULL = YES;
				CLANG_ANALYZER_NUMBER_OBJECT_CONVERSION = YES_AGGRESSIVE;
				CLANG_CXX_LANGUAGE_STANDARD = "gnu++14";
				CLANG_CXX_LIBRARY = "libc++";
				CLANG_ENABLE_MODULES = YES;
				CLANG_ENABLE_OBJC_ARC = YES;
				CLANG_ENABLE_OBJC_WEAK = YES;
				CLANG_WARN_BLOCK_CAPTURE_AUTORELEASING = YES;
				CLANG_WARN_BOOL_CONVERSION = YES;
				CLANG_WARN_COMMA = YES;
				CLANG_WARN_CONSTANT_CONVERSION = YES;
				CLANG_WARN_DEPRECATED_OBJC_IMPLEMENTATIONS = YES;
				CLANG_WARN_DIRECT_OBJC_ISA_USAGE = YES_ERROR;
				CLANG_WARN_DOCUMENTATION_COMMENTS = YES;
				CLANG_WARN_EMPTY_BODY = YES;
				CLANG_WARN_ENUM_CONVERSION = YES;
				CLANG_WARN_INFINITE_RECURSION = YES;
				CLANG_WARN_INT_CONVERSION = YES;
				CLANG_WARN_NON_LITERAL_NULL_CONVERSION = YES;
				CLANG_WARN_OBJC_IMPLICIT_RETAIN_SELF = YES;
				CLANG_WARN_OBJC_LITERAL_CONVERSION = YES;
				CLANG_WARN_OBJC_ROOT_CLASS = YES_ERROR;
				CLANG_WARN_RANGE_LOOP_ANALYSIS = YES;
				CLANG_WARN_STRICT_PROTOTYPES = YES;
				CLANG_WARN_SUSPICIOUS_MOVE = YES;
				CLANG_WARN_UNGUARDED_AVAILABILITY = YES_AGGRESSIVE;
				CLANG_WARN_UNREACHABLE_CODE = YES;
				CLANG_WARN__DUPLICATE_METHOD_MATCH = YES;
				COPY_PHASE_STRIP = NO;
				DEBUG_INFORMATION_FORMAT = dwarf;
				ENABLE_STRICT_OBJC_MSGSEND = YES;
				ENABLE_TESTABILITY = YES;
				GCC_C_LANGUAGE_STANDARD = gnu11;
				GCC_DYNAMIC_NO_PIC = NO;
				GCC_NO_COMMON_BLOCKS = YES;
				GCC_OPTIMIZATION_LEVEL = 0;
				GCC_PREPROCESSOR_DEFINITIONS = (
					"DEBUG=1",
					"$(inherited)",
				);
				GCC_WARN_64_TO_32_BIT_CONVERSION = YES;
				GCC_WARN_ABOUT_RETURN_TYPE = YES_ERROR;
				GCC_WARN_UNDECLARED_SELECTOR = YES;
				GCC_WARN_UNINITIALIZED_AUTOS = YES_AGGRESSIVE;
				GCC_WARN_UNUSED_FUNCTION = YES;
				GCC_WARN_UNUSED_VARIABLE = YES;
				IPHONEOS_DEPLOYMENT_TARGET = 13.7;
				MTL_ENABLE_DEBUG_INFO = INCLUDE_SOURCE;
				MTL_FAST_MATH = YES;
				ONLY_ACTIVE_ARCH = YES;
				SDKROOT = iphoneos;
				SWIFT_ACTIVE_COMPILATION_CONDITIONS = DEBUG;
				SWIFT_OPTIMIZATION_LEVEL = "-Onone";
			};
			name = Debug;
		};
		FD9247E22579FB3200634BE0 /* Release */ = {
			isa = XCBuildConfiguration;
			buildSettings = {
				ALWAYS_SEARCH_USER_PATHS = NO;
				CLANG_ANALYZER_NONNULL = YES;
				CLANG_ANALYZER_NUMBER_OBJECT_CONVERSION = YES_AGGRESSIVE;
				CLANG_CXX_LANGUAGE_STANDARD = "gnu++14";
				CLANG_CXX_LIBRARY = "libc++";
				CLANG_ENABLE_MODULES = YES;
				CLANG_ENABLE_OBJC_ARC = YES;
				CLANG_ENABLE_OBJC_WEAK = YES;
				CLANG_WARN_BLOCK_CAPTURE_AUTORELEASING = YES;
				CLANG_WARN_BOOL_CONVERSION = YES;
				CLANG_WARN_COMMA = YES;
				CLANG_WARN_CONSTANT_CONVERSION = YES;
				CLANG_WARN_DEPRECATED_OBJC_IMPLEMENTATIONS = YES;
				CLANG_WARN_DIRECT_OBJC_ISA_USAGE = YES_ERROR;
				CLANG_WARN_DOCUMENTATION_COMMENTS = YES;
				CLANG_WARN_EMPTY_BODY = YES;
				CLANG_WARN_ENUM_CONVERSION = YES;
				CLANG_WARN_INFINITE_RECURSION = YES;
				CLANG_WARN_INT_CONVERSION = YES;
				CLANG_WARN_NON_LITERAL_NULL_CONVERSION = YES;
				CLANG_WARN_OBJC_IMPLICIT_RETAIN_SELF = YES;
				CLANG_WARN_OBJC_LITERAL_CONVERSION = YES;
				CLANG_WARN_OBJC_ROOT_CLASS = YES_ERROR;
				CLANG_WARN_RANGE_LOOP_ANALYSIS = YES;
				CLANG_WARN_STRICT_PROTOTYPES = YES;
				CLANG_WARN_SUSPICIOUS_MOVE = YES;
				CLANG_WARN_UNGUARDED_AVAILABILITY = YES_AGGRESSIVE;
				CLANG_WARN_UNREACHABLE_CODE = YES;
				CLANG_WARN__DUPLICATE_METHOD_MATCH = YES;
				COPY_PHASE_STRIP = NO;
				DEBUG_INFORMATION_FORMAT = "dwarf-with-dsym";
				ENABLE_NS_ASSERTIONS = NO;
				ENABLE_STRICT_OBJC_MSGSEND = YES;
				GCC_C_LANGUAGE_STANDARD = gnu11;
				GCC_NO_COMMON_BLOCKS = YES;
				GCC_WARN_64_TO_32_BIT_CONVERSION = YES;
				GCC_WARN_ABOUT_RETURN_TYPE = YES_ERROR;
				GCC_WARN_UNDECLARED_SELECTOR = YES;
				GCC_WARN_UNINITIALIZED_AUTOS = YES_AGGRESSIVE;
				GCC_WARN_UNUSED_FUNCTION = YES;
				GCC_WARN_UNUSED_VARIABLE = YES;
				IPHONEOS_DEPLOYMENT_TARGET = 13.7;
				MTL_ENABLE_DEBUG_INFO = NO;
				MTL_FAST_MATH = YES;
				SDKROOT = iphoneos;
				SWIFT_COMPILATION_MODE = wholemodule;
				SWIFT_OPTIMIZATION_LEVEL = "-O";
				VALIDATE_PRODUCT = YES;
			};
			name = Release;
		};
		FD9247E42579FB3200634BE0 /* Debug */ = {
			isa = XCBuildConfiguration;
			buildSettings = {
				ASSETCATALOG_COMPILER_APPICON_NAME = AppIcon;
				CODE_SIGN_STYLE = Automatic;
				INFOPLIST_FILE = Algorithms/Info.plist;
				LD_RUNPATH_SEARCH_PATHS = (
					"$(inherited)",
					"@executable_path/Frameworks",
				);
				PRODUCT_BUNDLE_IDENTIFIER = eder.Algorithms;
				PRODUCT_NAME = "$(TARGET_NAME)";
				SWIFT_VERSION = 5.0;
				TARGETED_DEVICE_FAMILY = "1,2";
			};
			name = Debug;
		};
		FD9247E52579FB3200634BE0 /* Release */ = {
			isa = XCBuildConfiguration;
			buildSettings = {
				ASSETCATALOG_COMPILER_APPICON_NAME = AppIcon;
				CODE_SIGN_STYLE = Automatic;
				INFOPLIST_FILE = Algorithms/Info.plist;
				LD_RUNPATH_SEARCH_PATHS = (
					"$(inherited)",
					"@executable_path/Frameworks",
				);
				PRODUCT_BUNDLE_IDENTIFIER = eder.Algorithms;
				PRODUCT_NAME = "$(TARGET_NAME)";
				SWIFT_VERSION = 5.0;
				TARGETED_DEVICE_FAMILY = "1,2";
			};
			name = Release;
		};
		FD9247E72579FB3200634BE0 /* Debug */ = {
			isa = XCBuildConfiguration;
			buildSettings = {
				ALWAYS_EMBED_SWIFT_STANDARD_LIBRARIES = YES;
				BUNDLE_LOADER = "$(TEST_HOST)";
				CLANG_ENABLE_MODULES = NO;
				CODE_SIGN_STYLE = Automatic;
				INFOPLIST_FILE = AlgorithmsTests/Info.plist;
				IPHONEOS_DEPLOYMENT_TARGET = 13.7;
				LD_RUNPATH_SEARCH_PATHS = (
					"$(inherited)",
					"@executable_path/Frameworks",
					"@loader_path/Frameworks",
				);
				PRODUCT_BUNDLE_IDENTIFIER = eder.AlgorithmsTests;
				PRODUCT_NAME = "$(TARGET_NAME)";
				SWIFT_OBJC_BRIDGING_HEADER = "AlgorithmsTests/AlgorithmsTests-Bridging-Header.h";
				SWIFT_OPTIMIZATION_LEVEL = "-Onone";
				SWIFT_VERSION = 5.0;
				TARGETED_DEVICE_FAMILY = "1,2";
				TEST_HOST = "$(BUILT_PRODUCTS_DIR)/Algorithms.app/Algorithms";
			};
			name = Debug;
		};
		FD9247E82579FB3200634BE0 /* Release */ = {
			isa = XCBuildConfiguration;
			buildSettings = {
				ALWAYS_EMBED_SWIFT_STANDARD_LIBRARIES = YES;
				BUNDLE_LOADER = "$(TEST_HOST)";
				CLANG_ENABLE_MODULES = NO;
				CODE_SIGN_STYLE = Automatic;
				INFOPLIST_FILE = AlgorithmsTests/Info.plist;
				IPHONEOS_DEPLOYMENT_TARGET = 13.7;
				LD_RUNPATH_SEARCH_PATHS = (
					"$(inherited)",
					"@executable_path/Frameworks",
					"@loader_path/Frameworks",
				);
				PRODUCT_BUNDLE_IDENTIFIER = eder.AlgorithmsTests;
				PRODUCT_NAME = "$(TARGET_NAME)";
				SWIFT_OBJC_BRIDGING_HEADER = "AlgorithmsTests/AlgorithmsTests-Bridging-Header.h";
				SWIFT_VERSION = 5.0;
				TARGETED_DEVICE_FAMILY = "1,2";
				TEST_HOST = "$(BUILT_PRODUCTS_DIR)/Algorithms.app/Algorithms";
			};
			name = Release;
		};
/* End XCBuildConfiguration section */

/* Begin XCConfigurationList section */
		FD9247BF2579FB3100634BE0 /* Build configuration list for PBXProject "Algorithms" */ = {
			isa = XCConfigurationList;
			buildConfigurations = (
				FD9247E12579FB3200634BE0 /* Debug */,
				FD9247E22579FB3200634BE0 /* Release */,
			);
			defaultConfigurationIsVisible = 0;
			defaultConfigurationName = Release;
		};
		FD9247E32579FB3200634BE0 /* Build configuration list for PBXNativeTarget "Algorithms" */ = {
			isa = XCConfigurationList;
			buildConfigurations = (
				FD9247E42579FB3200634BE0 /* Debug */,
				FD9247E52579FB3200634BE0 /* Release */,
			);
			defaultConfigurationIsVisible = 0;
			defaultConfigurationName = Release;
		};
		FD9247E62579FB3200634BE0 /* Build configuration list for PBXNativeTarget "AlgorithmsTests" */ = {
			isa = XCConfigurationList;
			buildConfigurations = (
				FD9247E72579FB3200634BE0 /* Debug */,
				FD9247E82579FB3200634BE0 /* Release */,
			);
			defaultConfigurationIsVisible = 0;
			defaultConfigurationName = Release;
		};
/* End XCConfigurationList section */
	};
	rootObject = FD9247BC2579FB3100634BE0 /* Project object */;
}
